
Microsoft Visual Studio Solution File, Format Version 12.00
# Visual Studio 15
VisualStudioVersion = 15.0.27428.2037
MinimumVisualStudioVersion = 10.0.40219.1
Project("{E24C65DC-7377-472B-9ABA-BC803B73C61A}") = "MyEcommerceSite", ".", "{2DB0F2C7-795D-48D3-9E81-C2F0F5BA6FA9}"
	ProjectSection(WebsiteProperties) = preProject
		TargetFrameworkMoniker = ".NETFramework,Version%3Dv4.5.2"
		Debug.AspNetCompiler.VirtualPath = "/localhost_53384"
		Debug.AspNetCompiler.PhysicalPath = "..\MyEcommerceSite\"
		Debug.AspNetCompiler.TargetPath = "PrecompiledWeb\localhost_53384\"
		Debug.AspNetCompiler.Updateable = "true"
		Debug.AspNetCompiler.ForceOverwrite = "true"
		Debug.AspNetCompiler.FixedNames = "false"
		Debug.AspNetCompiler.Debug = "True"
		Release.AspNetCompiler.VirtualPath = "/localhost_53384"
		Release.AspNetCompiler.PhysicalPath = "..\MyEcommerceSite\"
		Release.AspNetCompiler.TargetPath = "PrecompiledWeb\localhost_53384\"
		Release.AspNetCompiler.Updateable = "true"
		Release.AspNetCompiler.ForceOverwrite = "true"
		Release.AspNetCompiler.FixedNames = "false"
		Release.AspNetCompiler.Debug = "False"
		VWDPort = "53384"
		SlnRelativePath = "..\MyEcommerceSite\"
	EndProjectSection
EndProject
Global
	GlobalSection(SolutionConfigurationPlatforms) = preSolution
		Debug|Any CPU = Debug|Any CPU
	EndGlobalSection
	GlobalSection(ProjectConfigurationPlatforms) = postSolution
		{2DB0F2C7-795D-48D3-9E81-C2F0F5BA6FA9}.Debug|Any CPU.ActiveCfg = Debug|Any CPU
		{2DB0F2C7-795D-48D3-9E81-C2F0F5BA6FA9}.Debug|Any CPU.Build.0 = Debug|Any CPU
	EndGlobalSection
	GlobalSection(SolutionProperties) = preSolution
		HideSolutionNode = FALSE
	EndGlobalSection
	GlobalSection(ExtensibilityGlobals) = postSolution
		SolutionGuid = {CC43E003-9AD8-4753-BF0D-FDFA57412A56}
	EndGlobalSection
EndGlobal
